// !$*UTF8*$!
{
	archiveVersion = 1;
	classes = {
	};
	objectVersion = 55;
	objects = {

/* Begin PBXBuildFile section */
		770B5F6E27D5488F00ACB86E /* TCADetailAppApp.swift in Sources */ = {isa = PBXBuildFile; fileRef = 770B5F6D27D5488F00ACB86E /* TCADetailAppApp.swift */; };
		770B5F7027D5488F00ACB86E /* ContentView.swift in Sources */ = {isa = PBXBuildFile; fileRef = 770B5F6F27D5488F00ACB86E /* ContentView.swift */; };
		770B5F7227D5489000ACB86E /* Assets.xcassets in Resources */ = {isa = PBXBuildFile; fileRef = 770B5F7127D5489000ACB86E /* Assets.xcassets */; };
		770B5F7527D5489000ACB86E /* Preview Assets.xcassets in Resources */ = {isa = PBXBuildFile; fileRef = 770B5F7427D5489000ACB86E /* Preview Assets.xcassets */; };
		770B5F7D27D54A9C00ACB86E /* ComposableArchitecture in Frameworks */ = {isa = PBXBuildFile; productRef = 770B5F7C27D54A9C00ACB86E /* ComposableArchitecture */; };
		770B5F8127D54CE600ACB86E /* Photo.swift in Sources */ = {isa = PBXBuildFile; fileRef = 770B5F8027D54CE600ACB86E /* Photo.swift */; };
		770B5F8327D54DA600ACB86E /* PhotoView.swift in Sources */ = {isa = PBXBuildFile; fileRef = 770B5F8227D54DA600ACB86E /* PhotoView.swift */; };
		770B5F8527D54E8700ACB86E /* PhotoRowView.swift in Sources */ = {isa = PBXBuildFile; fileRef = 770B5F8427D54E8700ACB86E /* PhotoRowView.swift */; };
		770B5F8727D5538000ACB86E /* NetworkService.swift in Sources */ = {isa = PBXBuildFile; fileRef = 770B5F8627D5538000ACB86E /* NetworkService.swift */; };
		770B5F8927D558F600ACB86E /* AlbumClient.swift in Sources */ = {isa = PBXBuildFile; fileRef = 770B5F8827D558F600ACB86E /* AlbumClient.swift */; };
		770B5F8B27D55C4A00ACB86E /* PhotoListView.swift in Sources */ = {isa = PBXBuildFile; fileRef = 770B5F8A27D55C4A00ACB86E /* PhotoListView.swift */; };
		770B5F8D27D55C6800ACB86E /* AppFeature.swift in Sources */ = {isa = PBXBuildFile; fileRef = 770B5F8C27D55C6800ACB86E /* AppFeature.swift */; };
		770B5F8F27D5CC8D00ACB86E /* PhotoViewModel.swift in Sources */ = {isa = PBXBuildFile; fileRef = 770B5F8E27D5CC8D00ACB86E /* PhotoViewModel.swift */; };
		770B5F9127D6620C00ACB86E /* ImageLoader.swift in Sources */ = {isa = PBXBuildFile; fileRef = 770B5F9027D6620C00ACB86E /* ImageLoader.swift */; };
		770B5F9527D6638D00ACB86E /* RemoteImageView.swift in Sources */ = {isa = PBXBuildFile; fileRef = 770B5F9427D6638D00ACB86E /* RemoteImageView.swift */; };
/* End PBXBuildFile section */

/* Begin PBXFileReference section */
		770B5F6A27D5488F00ACB86E /* TCADetailApp.app */ = {isa = PBXFileReference; explicitFileType = wrapper.application; includeInIndex = 0; path = TCADetailApp.app; sourceTree = BUILT_PRODUCTS_DIR; };
		770B5F6D27D5488F00ACB86E /* TCADetailAppApp.swift */ = {isa = PBXFileReference; lastKnownFileType = sourcecode.swift; path = TCADetailAppApp.swift; sourceTree = "<group>"; };
		770B5F6F27D5488F00ACB86E /* ContentView.swift */ = {isa = PBXFileReference; lastKnownFileType = sourcecode.swift; path = ContentView.swift; sourceTree = "<group>"; };
		770B5F7127D5489000ACB86E /* Assets.xcassets */ = {isa = PBXFileReference; lastKnownFileType = folder.assetcatalog; path = Assets.xcassets; sourceTree = "<group>"; };
		770B5F7427D5489000ACB86E /* Preview Assets.xcassets */ = {isa = PBXFileReference; lastKnownFileType = folder.assetcatalog; path = "Preview Assets.xcassets"; sourceTree = "<group>"; };
		770B5F8027D54CE600ACB86E /* Photo.swift */ = {isa = PBXFileReference; lastKnownFileType = sourcecode.swift; path = Photo.swift; sourceTree = "<group>"; };
		770B5F8227D54DA600ACB86E /* PhotoView.swift */ = {isa = PBXFileReference; lastKnownFileType = sourcecode.swift; path = PhotoView.swift; sourceTree = "<group>"; };
		770B5F8427D54E8700ACB86E /* PhotoRowView.swift */ = {isa = PBXFileReference; lastKnownFileType = sourcecode.swift; path = PhotoRowView.swift; sourceTree = "<group>"; };
		770B5F8627D5538000ACB86E /* NetworkService.swift */ = {isa = PBXFileReference; lastKnownFileType = sourcecode.swift; path = NetworkService.swift; sourceTree = "<group>"; };
		770B5F8827D558F600ACB86E /* AlbumClient.swift */ = {isa = PBXFileReference; lastKnownFileType = sourcecode.swift; path = AlbumClient.swift; sourceTree = "<group>"; };
		770B5F8A27D55C4A00ACB86E /* PhotoListView.swift */ = {isa = PBXFileReference; lastKnownFileType = sourcecode.swift; path = PhotoListView.swift; sourceTree = "<group>"; };
		770B5F8C27D55C6800ACB86E /* AppFeature.swift */ = {isa = PBXFileReference; lastKnownFileType = sourcecode.swift; path = AppFeature.swift; sourceTree = "<group>"; };
		770B5F8E27D5CC8D00ACB86E /* PhotoViewModel.swift */ = {isa = PBXFileReference; lastKnownFileType = sourcecode.swift; path = PhotoViewModel.swift; sourceTree = "<group>"; };
		770B5F9027D6620C00ACB86E /* ImageLoader.swift */ = {isa = PBXFileReference; lastKnownFileType = sourcecode.swift; path = ImageLoader.swift; sourceTree = "<group>"; };
		770B5F9427D6638D00ACB86E /* RemoteImageView.swift */ = {isa = PBXFileReference; lastKnownFileType = sourcecode.swift; path = RemoteImageView.swift; sourceTree = "<group>"; };
/* End PBXFileReference section */

/* Begin PBXFrameworksBuildPhase section */
		770B5F6727D5488F00ACB86E /* Frameworks */ = {
			isa = PBXFrameworksBuildPhase;
			buildActionMask = 2147483647;
			files = (
				770B5F7D27D54A9C00ACB86E /* ComposableArchitecture in Frameworks */,
			);
			runOnlyForDeploymentPostprocessing = 0;
		};
/* End PBXFrameworksBuildPhase section */

/* Begin PBXGroup section */
		770B5F6127D5488F00ACB86E = {
			isa = PBXGroup;
			children = (
				770B5F6C27D5488F00ACB86E /* TCADetailApp */,
				770B5F6B27D5488F00ACB86E /* Products */,
			);
			sourceTree = "<group>";
		};
		770B5F6B27D5488F00ACB86E /* Products */ = {
			isa = PBXGroup;
			children = (
				770B5F6A27D5488F00ACB86E /* TCADetailApp.app */,
			);
			name = Products;
			sourceTree = "<group>";
		};
		770B5F6C27D5488F00ACB86E /* TCADetailApp */ = {
			isa = PBXGroup;
			children = (
				770B5F6D27D5488F00ACB86E /* TCADetailAppApp.swift */,
				770B5F8627D5538000ACB86E /* NetworkService.swift */,
				770B5F9427D6638D00ACB86E /* RemoteImageView.swift */,
				770B5F9027D6620C00ACB86E /* ImageLoader.swift */,
				770B5F8C27D55C6800ACB86E /* AppFeature.swift */,
				770B5F8827D558F600ACB86E /* AlbumClient.swift */,
				770B5F8027D54CE600ACB86E /* Photo.swift */,
				770B5F8E27D5CC8D00ACB86E /* PhotoViewModel.swift */,
				770B5F8A27D55C4A00ACB86E /* PhotoListView.swift */,
				770B5F8427D54E8700ACB86E /* PhotoRowView.swift */,
				770B5F8227D54DA600ACB86E /* PhotoView.swift */,
				770B5F6F27D5488F00ACB86E /* ContentView.swift */,
				770B5F7127D5489000ACB86E /* Assets.xcassets */,
				770B5F7327D5489000ACB86E /* Preview Content */,
			);
			path = TCADetailApp;
			sourceTree = "<group>";
		};
		770B5F7327D5489000ACB86E /* Preview Content */ = {
			isa = PBXGroup;
			children = (
				770B5F7427D5489000ACB86E /* Preview Assets.xcassets */,
			);
			path = "Preview Content";
			sourceTree = "<group>";
		};
/* End PBXGroup section */

/* Begin PBXNativeTarget section */
		770B5F6927D5488F00ACB86E /* TCADetailApp */ = {
			isa = PBXNativeTarget;
			buildConfigurationList = 770B5F7827D5489000ACB86E /* Build configuration list for PBXNativeTarget "TCADetailApp" */;
			buildPhases = (
				770B5F6627D5488F00ACB86E /* Sources */,
				770B5F6727D5488F00ACB86E /* Frameworks */,
				770B5F6827D5488F00ACB86E /* Resources */,
			);
			buildRules = (
			);
			dependencies = (
			);
			name = TCADetailApp;
			packageProductDependencies = (
				770B5F7C27D54A9C00ACB86E /* ComposableArchitecture */,
			);
			productName = TCADetailApp;
			productReference = 770B5F6A27D5488F00ACB86E /* TCADetailApp.app */;
			productType = "com.apple.product-type.application";
		};
/* End PBXNativeTarget section */

/* Begin PBXProject section */
		770B5F6227D5488F00ACB86E /* Project object */ = {
			isa = PBXProject;
			attributes = {
				BuildIndependentTargetsInParallel = 1;
				LastSwiftUpdateCheck = 1320;
				LastUpgradeCheck = 1320;
				TargetAttributes = {
					770B5F6927D5488F00ACB86E = {
						CreatedOnToolsVersion = 13.2.1;
					};
				};
			};
			buildConfigurationList = 770B5F6527D5488F00ACB86E /* Build configuration list for PBXProject "TCADetailApp" */;
			compatibilityVersion = "Xcode 13.0";
			developmentRegion = en;
			hasScannedForEncodings = 0;
			knownRegions = (
				en,
				Base,
			);
			mainGroup = 770B5F6127D5488F00ACB86E;
			packageReferences = (
				770B5F7B27D54A9C00ACB86E /* XCRemoteSwiftPackageReference "swift-composable-architecture" */,
			);
			productRefGroup = 770B5F6B27D5488F00ACB86E /* Products */;
			projectDirPath = "";
			projectRoot = "";
			targets = (
				770B5F6927D5488F00ACB86E /* TCADetailApp */,
			);
		};
/* End PBXProject section */

/* Begin PBXResourcesBuildPhase section */
		770B5F6827D5488F00ACB86E /* Resources */ = {
			isa = PBXResourcesBuildPhase;
			buildActionMask = 2147483647;
			files = (
				770B5F7527D5489000ACB86E /* Preview Assets.xcassets in Resources */,
				770B5F7227D5489000ACB86E /* Assets.xcassets in Resources */,
			);
			runOnlyForDeploymentPostprocessing = 0;
		};
/* End PBXResourcesBuildPhase section */

/* Begin PBXSourcesBuildPhase section */
		770B5F6627D5488F00ACB86E /* Sources */ = {
			isa = PBXSourcesBuildPhase;
			buildActionMask = 2147483647;
			files = (
				770B5F9527D6638D00ACB86E /* RemoteImageView.swift in Sources */,
				770B5F8D27D55C6800ACB86E /* AppFeature.swift in Sources */,
				770B5F8527D54E8700ACB86E /* PhotoRowView.swift in Sources */,
				770B5F7027D5488F00ACB86E /* ContentView.swift in Sources */,
				770B5F6E27D5488F00ACB86E /* TCADetailAppApp.swift in Sources */,
				770B5F8927D558F600ACB86E /* AlbumClient.swift in Sources */,
				770B5F9127D6620C00ACB86E /* ImageLoader.swift in Sources */,
				770B5F8127D54CE600ACB86E /* Photo.swift in Sources */,
				770B5F8727D5538000ACB86E /* NetworkService.swift in Sources */,
				770B5F8327D54DA600ACB86E /* PhotoView.swift in Sources */,
				770B5F8B27D55C4A00ACB86E /* PhotoListView.swift in Sources */,
				770B5F8F27D5CC8D00ACB86E /* PhotoViewModel.swift in Sources */,
			);
			runOnlyForDeploymentPostprocessing = 0;
		};
/* End PBXSourcesBuildPhase section */

/* Begin XCBuildConfiguration section */
		770B5F7627D5489000ACB86E /* Debug */ = {
			isa = XCBuildConfiguration;
			buildSettings = {
				ALWAYS_SEARCH_USER_PATHS = NO;
				CLANG_ANALYZER_NONNULL = YES;
				CLANG_ANALYZER_NUMBER_OBJECT_CONVERSION = YES_AGGRESSIVE;
				CLANG_CXX_LANGUAGE_STANDARD = "gnu++17";
				CLANG_CXX_LIBRARY = "libc++";
				CLANG_ENABLE_MODULES = YES;
				CLANG_ENABLE_OBJC_ARC = YES;
				CLANG_ENABLE_OBJC_WEAK = YES;
				CLANG_WARN_BLOCK_CAPTURE_AUTORELEASING = YES;
				CLANG_WARN_BOOL_CONVERSION = YES;
				CLANG_WARN_COMMA = YES;
				CLANG_WARN_CONSTANT_CONVERSION = YES;
				CLANG_WARN_DEPRECATED_OBJC_IMPLEMENTATIONS = YES;
				CLANG_WARN_DIRECT_OBJC_ISA_USAGE = YES_ERROR;
				CLANG_WARN_DOCUMENTATION_COMMENTS = YES;
				CLANG_WARN_EMPTY_BODY = YES;
				CLANG_WARN_ENUM_CONVERSION = YES;
				CLANG_WARN_INFINITE_RECURSION = YES;
				CLANG_WARN_INT_CONVERSION = YES;
				CLANG_WARN_NON_LITERAL_NULL_CONVERSION = YES;
				CLANG_WARN_OBJC_IMPLICIT_RETAIN_SELF = YES;
				CLANG_WARN_OBJC_LITERAL_CONVERSION = YES;
				CLANG_WARN_OBJC_ROOT_CLASS = YES_ERROR;
				CLANG_WARN_QUOTED_INCLUDE_IN_FRAMEWORK_HEADER = YES;
				CLANG_WARN_RANGE_LOOP_ANALYSIS = YES;
				CLANG_WARN_STRICT_PROTOTYPES = YES;
				CLANG_WARN_SUSPICIOUS_MOVE = YES;
				CLANG_WARN_UNGUARDED_AVAILABILITY = YES_AGGRESSIVE;
				CLANG_WARN_UNREACHABLE_CODE = YES;
				CLANG_WARN__DUPLICATE_METHOD_MATCH = YES;
				COPY_PHASE_STRIP = NO;
				DEBUG_INFORMATION_FORMAT = dwarf;
				ENABLE_STRICT_OBJC_MSGSEND = YES;
				ENABLE_TESTABILITY = YES;
				GCC_C_LANGUAGE_STANDARD = gnu11;
				GCC_DYNAMIC_NO_PIC = NO;
				GCC_NO_COMMON_BLOCKS = YES;
				GCC_OPTIMIZATION_LEVEL = 0;
				GCC_PREPROCESSOR_DEFINITIONS = (
					"DEBUG=1",
					"$(inherited)",
				);
				GCC_WARN_64_TO_32_BIT_CONVERSION = YES;
				GCC_WARN_ABOUT_RETURN_TYPE = YES_ERROR;
				GCC_WARN_UNDECLARED_SELECTOR = YES;
				GCC_WARN_UNINITIALIZED_AUTOS = YES_AGGRESSIVE;
				GCC_WARN_UNUSED_FUNCTION = YES;
				GCC_WARN_UNUSED_VARIABLE = YES;
				IPHONEOS_DEPLOYMENT_TARGET = 15.2;
				MTL_ENABLE_DEBUG_INFO = INCLUDE_SOURCE;
				MTL_FAST_MATH = YES;
				ONLY_ACTIVE_ARCH = YES;
				SDKROOT = iphoneos;
				SWIFT_ACTIVE_COMPILATION_CONDITIONS = DEBUG;
				SWIFT_OPTIMIZATION_LEVEL = "-Onone";
			};
			name = Debug;
		};
		770B5F7727D5489000ACB86E /* Release */ = {
			isa = XCBuildConfiguration;
			buildSettings = {
				ALWAYS_SEARCH_USER_PATHS = NO;
				CLANG_ANALYZER_NONNULL = YES;
				CLANG_ANALYZER_NUMBER_OBJECT_CONVERSION = YES_AGGRESSIVE;
				CLANG_CXX_LANGUAGE_STANDARD = "gnu++17";
				CLANG_CXX_LIBRARY = "libc++";
				CLANG_ENABLE_MODULES = YES;
				CLANG_ENABLE_OBJC_ARC = YES;
				CLANG_ENABLE_OBJC_WEAK = YES;
				CLANG_WARN_BLOCK_CAPTURE_AUTORELEASING = YES;
				CLANG_WARN_BOOL_CONVERSION = YES;
				CLANG_WARN_COMMA = YES;
				CLANG_WARN_CONSTANT_CONVERSION = YES;
				CLANG_WARN_DEPRECATED_OBJC_IMPLEMENTATIONS = YES;
				CLANG_WARN_DIRECT_OBJC_ISA_USAGE = YES_ERROR;
				CLANG_WARN_DOCUMENTATION_COMMENTS = YES;
				CLANG_WARN_EMPTY_BODY = YES;
				CLANG_WARN_ENUM_CONVERSION = YES;
				CLANG_WARN_INFINITE_RECURSION = YES;
				CLANG_WARN_INT_CONVERSION = YES;
				CLANG_WARN_NON_LITERAL_NULL_CONVERSION = YES;
				CLANG_WARN_OBJC_IMPLICIT_RETAIN_SELF = YES;
				CLANG_WARN_OBJC_LITERAL_CONVERSION = YES;
				CLANG_WARN_OBJC_ROOT_CLASS = YES_ERROR;
				CLANG_WARN_QUOTED_INCLUDE_IN_FRAMEWORK_HEADER = YES;
				CLANG_WARN_RANGE_LOOP_ANALYSIS = YES;
				CLANG_WARN_STRICT_PROTOTYPES = YES;
				CLANG_WARN_SUSPICIOUS_MOVE = YES;
				CLANG_WARN_UNGUARDED_AVAILABILITY = YES_AGGRESSIVE;
				CLANG_WARN_UNREACHABLE_CODE = YES;
				CLANG_WARN__DUPLICATE_METHOD_MATCH = YES;
				COPY_PHASE_STRIP = NO;
				DEBUG_INFORMATION_FORMAT = "dwarf-with-dsym";
				ENABLE_NS_ASSERTIONS = NO;
				ENABLE_STRICT_OBJC_MSGSEND = YES;
				GCC_C_LANGUAGE_STANDARD = gnu11;
				GCC_NO_COMMON_BLOCKS = YES;
				GCC_WARN_64_TO_32_BIT_CONVERSION = YES;
				GCC_WARN_ABOUT_RETURN_TYPE = YES_ERROR;
				GCC_WARN_UNDECLARED_SELECTOR = YES;
				GCC_WARN_UNINITIALIZED_AUTOS = YES_AGGRESSIVE;
				GCC_WARN_UNUSED_FUNCTION = YES;
				GCC_WARN_UNUSED_VARIABLE = YES;
				IPHONEOS_DEPLOYMENT_TARGET = 15.2;
				MTL_ENABLE_DEBUG_INFO = NO;
				MTL_FAST_MATH = YES;
				SDKROOT = iphoneos;
				SWIFT_COMPILATION_MODE = wholemodule;
				SWIFT_OPTIMIZATION_LEVEL = "-O";
				VALIDATE_PRODUCT = YES;
			};
			name = Release;
		};
		770B5F7927D5489000ACB86E /* Debug */ = {
			isa = XCBuildConfiguration;
			buildSettings = {
				ASSETCATALOG_COMPILER_APPICON_NAME = AppIcon;
				ASSETCATALOG_COMPILER_GLOBAL_ACCENT_COLOR_NAME = AccentColor;
				CODE_SIGN_STYLE = Automatic;
				CURRENT_PROJECT_VERSION = 1;
				DEVELOPMENT_ASSET_PATHS = "\"TCADetailApp/Preview Content\"";
				DEVELOPMENT_TEAM = ZB4G8WR697;
				ENABLE_PREVIEWS = YES;
				GENERATE_INFOPLIST_FILE = YES;
				INFOPLIST_KEY_UIApplicationSceneManifest_Generation = YES;
				INFOPLIST_KEY_UIApplicationSupportsIndirectInputEvents = YES;
				INFOPLIST_KEY_UILaunchScreen_Generation = YES;
				INFOPLIST_KEY_UISupportedInterfaceOrientations_iPad = "UIInterfaceOrientationPortrait UIInterfaceOrientationPortraitUpsideDown UIInterfaceOrientationLandscapeLeft UIInterfaceOrientationLandscapeRight";
				INFOPLIST_KEY_UISupportedInterfaceOrientations_iPhone = "UIInterfaceOrientationPortrait UIInterfaceOrientationLandscapeLeft UIInterfaceOrientationLandscapeRight";
				LD_RUNPATH_SEARCH_PATHS = (
					"$(inherited)",
					"@executable_path/Frameworks",
				);
				MARKETING_VERSION = 1.0;
				PRODUCT_BUNDLE_IDENTIFIER = com.example.thalysviana.TCADetailApp;
				PRODUCT_NAME = "$(TARGET_NAME)";
				SWIFT_EMIT_LOC_STRINGS = YES;
				SWIFT_VERSION = 5.0;
				TARGETED_DEVICE_FAMILY = "1,2";
			};
			name = Debug;
		};
		770B5F7A27D5489000ACB86E /* Release */ = {
			isa = XCBuildConfiguration;
			buildSettings = {
				ASSETCATALOG_COMPILER_APPICON_NAME = AppIcon;
				ASSETCATALOG_COMPILER_GLOBAL_ACCENT_COLOR_NAME = AccentColor;
				CODE_SIGN_STYLE = Automatic;
				CURRENT_PROJECT_VERSION = 1;
				DEVELOPMENT_ASSET_PATHS = "\"TCADetailApp/Preview Content\"";
				DEVELOPMENT_TEAM = ZB4G8WR697;
				ENABLE_PREVIEWS = YES;
				GENERATE_INFOPLIST_FILE = YES;
				INFOPLIST_KEY_UIApplicationSceneManifest_Generation = YES;
				INFOPLIST_KEY_UIApplicationSupportsIndirectInputEvents = YES;
				INFOPLIST_KEY_UILaunchScreen_Generation = YES;
				INFOPLIST_KEY_UISupportedInterfaceOrientations_iPad = "UIInterfaceOrientationPortrait UIInterfaceOrientationPortraitUpsideDown UIInterfaceOrientationLandscapeLeft UIInterfaceOrientationLandscapeRight";
				INFOPLIST_KEY_UISupportedInterfaceOrientations_iPhone = "UIInterfaceOrientationPortrait UIInterfaceOrientationLandscapeLeft UIInterfaceOrientationLandscapeRight";
				LD_RUNPATH_SEARCH_PATHS = (
					"$(inherited)",
					"@executable_path/Frameworks",
				);
				MARKETING_VERSION = 1.0;
				PRODUCT_BUNDLE_IDENTIFIER = com.example.thalysviana.TCADetailApp;
				PRODUCT_NAME = "$(TARGET_NAME)";
				SWIFT_EMIT_LOC_STRINGS = YES;
				SWIFT_VERSION = 5.0;
				TARGETED_DEVICE_FAMILY = "1,2";
			};
			name = Release;
		};
/* End XCBuildConfiguration section */

/* Begin XCConfigurationList section */
		770B5F6527D5488F00ACB86E /* Build configuration list for PBXProject "TCADetailApp" */ = {
			isa = XCConfigurationList;
			buildConfigurations = (
				770B5F7627D5489000ACB86E /* Debug */,
				770B5F7727D5489000ACB86E /* Release */,
			);
			defaultConfigurationIsVisible = 0;
			defaultConfigurationName = Release;
		};
		770B5F7827D5489000ACB86E /* Build configuration list for PBXNativeTarget "TCADetailApp" */ = {
			isa = XCConfigurationList;
			buildConfigurations = (
				770B5F7927D5489000ACB86E /* Debug */,
				770B5F7A27D5489000ACB86E /* Release */,
			);
			defaultConfigurationIsVisible = 0;
			defaultConfigurationName = Release;
		};
/* End XCConfigurationList section */

/* Begin XCRemoteSwiftPackageReference section */
		770B5F7B27D54A9C00ACB86E /* XCRemoteSwiftPackageReference "swift-composable-architecture" */ = {
			isa = XCRemoteSwiftPackageReference;
			repositoryURL = "https://github.com/pointfreeco/swift-composable-architecture";
			requirement = {
				kind = upToNextMajorVersion;
				minimumVersion = 0.9.0;
			};
		};
/* End XCRemoteSwiftPackageReference section */

/* Begin XCSwiftPackageProductDependency section */
		770B5F7C27D54A9C00ACB86E /* ComposableArchitecture */ = {
			isa = XCSwiftPackageProductDependency;
			package = 770B5F7B27D54A9C00ACB86E /* XCRemoteSwiftPackageReference "swift-composable-architecture" */;
			productName = ComposableArchitecture;
		};
/* End XCSwiftPackageProductDependency section */
	};
	rootObject = 770B5F6227D5488F00ACB86E /* Project object */;
}
